
Microsoft Visual Studio Solution File, Format Version 12.00
# Visual Studio Version 16
VisualStudioVersion = 16.0.31729.503
MinimumVisualStudioVersion = 10.0.40219.1
Project("{9A19103F-16F7-4668-BE54-9A1E7A4F7556}") = "ArrayDemo", "ArrayDemo\ArrayDemo.csproj", "{4E2E9831-19A4-4C08-8BA6-C5A39B8AFE60}"
EndProject
Project("{9A19103F-16F7-4668-BE54-9A1E7A4F7556}") = "LabPractice-StudentDatabase", "LabPractice-StudentDatabase\LabPractice-StudentDatabase.csproj", "{DE92C154-A1A5-41B6-9D29-2449E2DE5735}"
EndProject
Project("{9A19103F-16F7-4668-BE54-9A1E7A4F7556}") = "SwitchDemo", "SwitchDemo\SwitchDemo.csproj", "{0D98CAD5-2053-4E92-8F09-EF95D0494081}"
EndProject
Project("{9A19103F-16F7-4668-BE54-9A1E7A4F7556}") = "CollectionDemo", "CollectionDemo\CollectionDemo.csproj", "{053A9F69-4648-4142-8C0B-997D978250EC}"
EndProject
Project("{9A19103F-16F7-4668-BE54-9A1E7A4F7556}") = "DictionaryDemo", "DictionaryDemo\DictionaryDemo.csproj", "{272C19C7-537E-44B1-AF49-308CF9CF3A1B}"
EndProject
Project("{9A19103F-16F7-4668-BE54-9A1E7A4F7556}") = "DictionaryDemo2", "DictionaryDemo2\DictionaryDemo2.csproj", "{1104F847-D8DB-45D4-906F-498C7035EF5B}"
EndProject
Project("{9A19103F-16F7-4668-BE54-9A1E7A4F7556}") = "Shopping List Lab", "Shopping List Lab\Shopping List Lab.csproj", "{90DB1503-D8FB-4FFA-98B6-BDD2A4C529F1}"
EndProject
Project("{9A19103F-16F7-4668-BE54-9A1E7A4F7556}") = "StudentDabLab", "StudentDabLab\StudentDabLab.csproj", "{9305B10F-9B2F-4F1D-B9E8-21017025C505}"
EndProject
Project("{FAE04EC0-301F-11D3-BF4B-00C04F79EFBC}") = "ShopListLabDemo", "ShopListLabDemo\ShopListLabDemo.csproj", "{ABEDEDAA-9B04-426D-BF68-682E227DE5FB}"
EndProject
Project("{FAE04EC0-301F-11D3-BF4B-00C04F79EFBC}") = "ExceptionDemo", "ExceptionDemo\ExceptionDemo.csproj", "{F2242B26-AACE-43B7-9083-FD89D9745E0E}"
EndProject
Project("{FAE04EC0-301F-11D3-BF4B-00C04F79EFBC}") = "ListMemoryDem", "ListMemoryDem\ListMemoryDem.csproj", "{95290B04-D177-42AB-A74B-4F00198EA576}"
EndProject
Project("{FAE04EC0-301F-11D3-BF4B-00C04F79EFBC}") = "ListMemoryDem2", "ListMemoryDem2\ListMemoryDem2.csproj", "{ABDD3B98-4907-4297-B08A-543F2DBD7AF1}"
EndProject
Project("{FAE04EC0-301F-11D3-BF4B-00C04F79EFBC}") = "ArrayListPractice", "ArrayListPractice\ArrayListPractice.csproj", "{D79FE9E5-044A-4A4A-BDB2-9AAC9B5DD11C}"
EndProject
Global
	GlobalSection(SolutionConfigurationPlatforms) = preSolution
		Debug|Any CPU = Debug|Any CPU
		Release|Any CPU = Release|Any CPU
	EndGlobalSection
	GlobalSection(ProjectConfigurationPlatforms) = postSolution
		{4E2E9831-19A4-4C08-8BA6-C5A39B8AFE60}.Debug|Any CPU.ActiveCfg = Debug|Any CPU
		{4E2E9831-19A4-4C08-8BA6-C5A39B8AFE60}.Debug|Any CPU.Build.0 = Debug|Any CPU
		{4E2E9831-19A4-4C08-8BA6-C5A39B8AFE60}.Release|Any CPU.ActiveCfg = Release|Any CPU
		{4E2E9831-19A4-4C08-8BA6-C5A39B8AFE60}.Release|Any CPU.Build.0 = Release|Any CPU
		{DE92C154-A1A5-41B6-9D29-2449E2DE5735}.Debug|Any CPU.ActiveCfg = Debug|Any CPU
		{DE92C154-A1A5-41B6-9D29-2449E2DE5735}.Debug|Any CPU.Build.0 = Debug|Any CPU
		{DE92C154-A1A5-41B6-9D29-2449E2DE5735}.Release|Any CPU.ActiveCfg = Release|Any CPU
		{DE92C154-A1A5-41B6-9D29-2449E2DE5735}.Release|Any CPU.Build.0 = Release|Any CPU
		{0D98CAD5-2053-4E92-8F09-EF95D0494081}.Debug|Any CPU.ActiveCfg = Debug|Any CPU
		{0D98CAD5-2053-4E92-8F09-EF95D0494081}.Debug|Any CPU.Build.0 = Debug|Any CPU
		{0D98CAD5-2053-4E92-8F09-EF95D0494081}.Release|Any CPU.ActiveCfg = Release|Any CPU
		{0D98CAD5-2053-4E92-8F09-EF95D0494081}.Release|Any CPU.Build.0 = Release|Any CPU
		{053A9F69-4648-4142-8C0B-997D978250EC}.Debug|Any CPU.ActiveCfg = Debug|Any CPU
		{053A9F69-4648-4142-8C0B-997D978250EC}.Debug|Any CPU.Build.0 = Debug|Any CPU
		{053A9F69-4648-4142-8C0B-997D978250EC}.Release|Any CPU.ActiveCfg = Release|Any CPU
		{053A9F69-4648-4142-8C0B-997D978250EC}.Release|Any CPU.Build.0 = Release|Any CPU
		{272C19C7-537E-44B1-AF49-308CF9CF3A1B}.Debug|Any CPU.ActiveCfg = Debug|Any CPU
		{272C19C7-537E-44B1-AF49-308CF9CF3A1B}.Debug|Any CPU.Build.0 = Debug|Any CPU
		{272C19C7-537E-44B1-AF49-308CF9CF3A1B}.Release|Any CPU.ActiveCfg = Release|Any CPU
		{272C19C7-537E-44B1-AF49-308CF9CF3A1B}.Release|Any CPU.Build.0 = Release|Any CPU
		{1104F847-D8DB-45D4-906F-498C7035EF5B}.Debug|Any CPU.ActiveCfg = Debug|Any CPU
		{1104F847-D8DB-45D4-906F-498C7035EF5B}.Debug|Any CPU.Build.0 = Debug|Any CPU
		{1104F847-D8DB-45D4-906F-498C7035EF5B}.Release|Any CPU.ActiveCfg = Release|Any CPU
		{1104F847-D8DB-45D4-906F-498C7035EF5B}.Release|Any CPU.Build.0 = Release|Any CPU
		{90DB1503-D8FB-4FFA-98B6-BDD2A4C529F1}.Debug|Any CPU.ActiveCfg = Debug|Any CPU
		{90DB1503-D8FB-4FFA-98B6-BDD2A4C529F1}.Debug|Any CPU.Build.0 = Debug|Any CPU
		{90DB1503-D8FB-4FFA-98B6-BDD2A4C529F1}.Release|Any CPU.ActiveCfg = Release|Any CPU
		{90DB1503-D8FB-4FFA-98B6-BDD2A4C529F1}.Release|Any CPU.Build.0 = Release|Any CPU
		{9305B10F-9B2F-4F1D-B9E8-21017025C505}.Debug|Any CPU.ActiveCfg = Debug|Any CPU
		{9305B10F-9B2F-4F1D-B9E8-21017025C505}.Debug|Any CPU.Build.0 = Debug|Any CPU
		{9305B10F-9B2F-4F1D-B9E8-21017025C505}.Release|Any CPU.ActiveCfg = Release|Any CPU
		{9305B10F-9B2F-4F1D-B9E8-21017025C505}.Release|Any CPU.Build.0 = Release|Any CPU
		{ABEDEDAA-9B04-426D-BF68-682E227DE5FB}.Debug|Any CPU.ActiveCfg = Debug|Any CPU
		{ABEDEDAA-9B04-426D-BF68-682E227DE5FB}.Debug|Any CPU.Build.0 = Debug|Any CPU
		{ABEDEDAA-9B04-426D-BF68-682E227DE5FB}.Release|Any CPU.ActiveCfg = Release|Any CPU
		{ABEDEDAA-9B04-426D-BF68-682E227DE5FB}.Release|Any CPU.Build.0 = Release|Any CPU
		{F2242B26-AACE-43B7-9083-FD89D9745E0E}.Debug|Any CPU.ActiveCfg = Debug|Any CPU
		{F2242B26-AACE-43B7-9083-FD89D9745E0E}.Debug|Any CPU.Build.0 = Debug|Any CPU
		{F2242B26-AACE-43B7-9083-FD89D9745E0E}.Release|Any CPU.ActiveCfg = Release|Any CPU
		{F2242B26-AACE-43B7-9083-FD89D9745E0E}.Release|Any CPU.Build.0 = Release|Any CPU
		{95290B04-D177-42AB-A74B-4F00198EA576}.Debug|Any CPU.ActiveCfg = Debug|Any CPU
		{95290B04-D177-42AB-A74B-4F00198EA576}.Debug|Any CPU.Build.0 = Debug|Any CPU
		{95290B04-D177-42AB-A74B-4F00198EA576}.Release|Any CPU.ActiveCfg = Release|Any CPU
		{95290B04-D177-42AB-A74B-4F00198EA576}.Release|Any CPU.Build.0 = Release|Any CPU
		{ABDD3B98-4907-4297-B08A-543F2DBD7AF1}.Debug|Any CPU.ActiveCfg = Debug|Any CPU
		{ABDD3B98-4907-4297-B08A-543F2DBD7AF1}.Debug|Any CPU.Build.0 = Debug|Any CPU
		{ABDD3B98-4907-4297-B08A-543F2DBD7AF1}.Release|Any CPU.ActiveCfg = Release|Any CPU
		{ABDD3B98-4907-4297-B08A-543F2DBD7AF1}.Release|Any CPU.Build.0 = Release|Any CPU
		{D79FE9E5-044A-4A4A-BDB2-9AAC9B5DD11C}.Debug|Any CPU.ActiveCfg = Debug|Any CPU
		{D79FE9E5-044A-4A4A-BDB2-9AAC9B5DD11C}.Debug|Any CPU.Build.0 = Debug|Any CPU
		{D79FE9E5-044A-4A4A-BDB2-9AAC9B5DD11C}.Release|Any CPU.ActiveCfg = Release|Any CPU
		{D79FE9E5-044A-4A4A-BDB2-9AAC9B5DD11C}.Release|Any CPU.Build.0 = Release|Any CPU
	EndGlobalSection
	GlobalSection(SolutionProperties) = preSolution
		HideSolutionNode = FALSE
	EndGlobalSection
	GlobalSection(ExtensibilityGlobals) = postSolution
		SolutionGuid = {634765D0-1381-467E-BC64-9B6CC4ACBF4C}
	EndGlobalSection
EndGlobal
